
Microsoft Visual Studio Solution File, Format Version 12.00
# Visual Studio Version 17
VisualStudioVersion = 17.5.002.0
MinimumVisualStudioVersion = 10.0.40219.1
Project("{2150E333-8FDC-42A3-9474-1A3956D46DE8}") = "src", "src", "{80D6AF10-4153-4B6A-9952-D0E9CF38E0ED}"
EndProject
Project("{9A19103F-16F7-4668-BE54-9A1E7A4F7556}") = "EFCore.Sqlite.Concurrency.SourceGenerator", "src\EFCore.Sqlite.Concurrency.SourceGenerator\EFCore.Sqlite.Concurrency.SourceGenerator.csproj", "{868565F2-E730-4BB5-8AC0-A97815EB8252}"
EndProject
Project("{9A19103F-16F7-4668-BE54-9A1E7A4F7556}") = "EFCore.Sqlite.Concurrency", "src\EFCore.Sqlite.Concurrency\EFCore.Sqlite.Concurrency.csproj", "{1A8EC78D-2CDD-4E76-8DA1-0E294E58123D}"
EndProject
Project("{9A19103F-16F7-4668-BE54-9A1E7A4F7556}") = "EFCore.Sqlite.Concurrency.Example", "src\EFCore.Sqlite.Concurrency.Example\EFCore.Sqlite.Concurrency.Example.csproj", "{789E6C16-7250-439D-9A78-6BC9F96260B1}"
EndProject
Global
	GlobalSection(SolutionConfigurationPlatforms) = preSolution
		Debug|Any CPU = Debug|Any CPU
		Release|Any CPU = Release|Any CPU
	EndGlobalSection
	GlobalSection(ProjectConfigurationPlatforms) = postSolution
		{868565F2-E730-4BB5-8AC0-A97815EB8252}.Debug|Any CPU.ActiveCfg = Debug|Any CPU
		{868565F2-E730-4BB5-8AC0-A97815EB8252}.Debug|Any CPU.Build.0 = Debug|Any CPU
		{868565F2-E730-4BB5-8AC0-A97815EB8252}.Release|Any CPU.ActiveCfg = Release|Any CPU
		{868565F2-E730-4BB5-8AC0-A97815EB8252}.Release|Any CPU.Build.0 = Release|Any CPU
		{1A8EC78D-2CDD-4E76-8DA1-0E294E58123D}.Debug|Any CPU.ActiveCfg = Debug|Any CPU
		{1A8EC78D-2CDD-4E76-8DA1-0E294E58123D}.Debug|Any CPU.Build.0 = Debug|Any CPU
		{1A8EC78D-2CDD-4E76-8DA1-0E294E58123D}.Release|Any CPU.ActiveCfg = Release|Any CPU
		{1A8EC78D-2CDD-4E76-8DA1-0E294E58123D}.Release|Any CPU.Build.0 = Release|Any CPU
		{789E6C16-7250-439D-9A78-6BC9F96260B1}.Debug|Any CPU.ActiveCfg = Debug|Any CPU
		{789E6C16-7250-439D-9A78-6BC9F96260B1}.Debug|Any CPU.Build.0 = Debug|Any CPU
		{789E6C16-7250-439D-9A78-6BC9F96260B1}.Release|Any CPU.ActiveCfg = Release|Any CPU
		{789E6C16-7250-439D-9A78-6BC9F96260B1}.Release|Any CPU.Build.0 = Release|Any CPU
	EndGlobalSection
	GlobalSection(SolutionProperties) = preSolution
		HideSolutionNode = FALSE
	EndGlobalSection
	GlobalSection(NestedProjects) = preSolution
		{868565F2-E730-4BB5-8AC0-A97815EB8252} = {80D6AF10-4153-4B6A-9952-D0E9CF38E0ED}
		{1A8EC78D-2CDD-4E76-8DA1-0E294E58123D} = {80D6AF10-4153-4B6A-9952-D0E9CF38E0ED}
		{789E6C16-7250-439D-9A78-6BC9F96260B1} = {80D6AF10-4153-4B6A-9952-D0E9CF38E0ED}
	EndGlobalSection
	GlobalSection(ExtensibilityGlobals) = postSolution
		SolutionGuid = {305B5222-BA9A-4282-A14C-B9A23A4B4880}
	EndGlobalSection
EndGlobal
